
Microsoft Visual Studio Solution File, Format Version 12.00
# Visual Studio Version 16
VisualStudioVersion = 16.0.31129.286
MinimumVisualStudioVersion = 10.0.40219.1
Project("{9A19103F-16F7-4668-BE54-9A1E7A4F7556}") = "HospitalManagement", "HospitalManagement\HospitalManagement.csproj", "{21803B0D-60C4-4817-93CB-57BE3F74B3FE}"
EndProject
Project("{9A19103F-16F7-4668-BE54-9A1E7A4F7556}") = "Hospital.Training", "Hospital.Training\Hospital.Training.csproj", "{A7E23498-1C89-48C6-AAD4-039F6A8AB05F}"
EndProject
Project("{9A19103F-16F7-4668-BE54-9A1E7A4F7556}") = "Hospital.Data", "Hospital.Data\Hospital.Data.csproj", "{9C7A934B-5E42-43BE-9B51-41603E90D64E}"
EndProject
Project("{FAE04EC0-301F-11D3-BF4B-00C04F79EFBC}") = "Hospital.Common", "Hospital.Common\Hospital.Common.csproj", "{0E0EDDD9-CB2F-495B-9223-6F691131058B}"
EndProject
Global
	GlobalSection(SolutionConfigurationPlatforms) = preSolution
		Debug|Any CPU = Debug|Any CPU
		Release|Any CPU = Release|Any CPU
	EndGlobalSection
	GlobalSection(ProjectConfigurationPlatforms) = postSolution
		{21803B0D-60C4-4817-93CB-57BE3F74B3FE}.Debug|Any CPU.ActiveCfg = Debug|Any CPU
		{21803B0D-60C4-4817-93CB-57BE3F74B3FE}.Debug|Any CPU.Build.0 = Debug|Any CPU
		{21803B0D-60C4-4817-93CB-57BE3F74B3FE}.Release|Any CPU.ActiveCfg = Release|Any CPU
		{21803B0D-60C4-4817-93CB-57BE3F74B3FE}.Release|Any CPU.Build.0 = Release|Any CPU
		{A7E23498-1C89-48C6-AAD4-039F6A8AB05F}.Debug|Any CPU.ActiveCfg = Debug|Any CPU
		{A7E23498-1C89-48C6-AAD4-039F6A8AB05F}.Debug|Any CPU.Build.0 = Debug|Any CPU
		{A7E23498-1C89-48C6-AAD4-039F6A8AB05F}.Release|Any CPU.ActiveCfg = Release|Any CPU
		{A7E23498-1C89-48C6-AAD4-039F6A8AB05F}.Release|Any CPU.Build.0 = Release|Any CPU
		{9C7A934B-5E42-43BE-9B51-41603E90D64E}.Debug|Any CPU.ActiveCfg = Debug|Any CPU
		{9C7A934B-5E42-43BE-9B51-41603E90D64E}.Debug|Any CPU.Build.0 = Debug|Any CPU
		{9C7A934B-5E42-43BE-9B51-41603E90D64E}.Release|Any CPU.ActiveCfg = Release|Any CPU
		{9C7A934B-5E42-43BE-9B51-41603E90D64E}.Release|Any CPU.Build.0 = Release|Any CPU
		{0E0EDDD9-CB2F-495B-9223-6F691131058B}.Debug|Any CPU.ActiveCfg = Debug|Any CPU
		{0E0EDDD9-CB2F-495B-9223-6F691131058B}.Debug|Any CPU.Build.0 = Debug|Any CPU
		{0E0EDDD9-CB2F-495B-9223-6F691131058B}.Release|Any CPU.ActiveCfg = Release|Any CPU
		{0E0EDDD9-CB2F-495B-9223-6F691131058B}.Release|Any CPU.Build.0 = Release|Any CPU
	EndGlobalSection
	GlobalSection(SolutionProperties) = preSolution
		HideSolutionNode = FALSE
	EndGlobalSection
	GlobalSection(ExtensibilityGlobals) = postSolution
		SolutionGuid = {D4617C8E-4D4D-4827-9B33-0B8F1730C8DC}
	EndGlobalSection
EndGlobal
